<?xml version="1.0" encoding="utf-8"?>
<Project ToolsVersion="17.0" xmlns="http://schemas.microsoft.com/developer/msbuild/2003">
  <ItemGroup>
    <ClCompile Include="C:\Users\user\LAStools\LASlib\src\lasreader.cpp">
      <Filter>Source Files</Filter>
    </ClCompile>
    <ClCompile Include="C:\Users\user\LAStools\LASlib\src\lasignore.cpp">
      <Filter>Source Files</Filter>
    </ClCompile>
    <ClCompile Include="C:\Users\user\LAStools\LASlib\src\laswriter.cpp">
      <Filter>Source Files</Filter>
    </ClCompile>
    <ClCompile Include="C:\Users\user\LAStools\LASlib\src\lasreader_las.cpp">
      <Filter>Source Files</Filter>
    </ClCompile>
    <ClCompile Include="C:\Users\user\LAStools\LASlib\src\lasreader_bin.cpp">
      <Filter>Source Files</Filter>
    </ClCompile>
    <ClCompile Include="C:\Users\user\LAStools\LASlib\src\lasreader_shp.cpp">
      <Filter>Source Files</Filter>
    </ClCompile>
    <ClCompile Include="C:\Users\user\LAStools\LASlib\src\lasreader_asc.cpp">
      <Filter>Source Files</Filter>
    </ClCompile>
    <ClCompile Include="C:\Users\user\LAStools\LASlib\src\lasreader_bil.cpp">
      <Filter>Source Files</Filter>
    </ClCompile>
    <ClCompile Include="C:\Users\user\LAStools\LASlib\src\lasreader_dtm.cpp">
      <Filter>Source Files</Filter>
    </ClCompile>
    <ClCompile Include="C:\Users\user\LAStools\LASlib\src\lasreader_ply.cpp">
      <Filter>Source Files</Filter>
    </ClCompile>
    <ClCompile Include="C:\Users\user\LAStools\LASlib\src\lasreader_qfit.cpp">
      <Filter>Source Files</Filter>
    </ClCompile>
    <ClCompile Include="C:\Users\user\LAStools\LASlib\src\lasreader_txt.cpp">
      <Filter>Source Files</Filter>
    </ClCompile>
    <ClCompile Include="C:\Users\user\LAStools\LASlib\src\lasreadermerged.cpp">
      <Filter>Source Files</Filter>
    </ClCompile>
    <ClCompile Include="C:\Users\user\LAStools\LASlib\src\lasreaderbuffered.cpp">
      <Filter>Source Files</Filter>
    </ClCompile>
    <ClCompile Include="C:\Users\user\LAStools\LASlib\src\lasreaderstored.cpp">
      <Filter>Source Files</Filter>
    </ClCompile>
    <ClCompile Include="C:\Users\user\LAStools\LASlib\src\lasreaderpipeon.cpp">
      <Filter>Source Files</Filter>
    </ClCompile>
    <ClCompile Include="C:\Users\user\LAStools\LASlib\src\laswriter_las.cpp">
      <Filter>Source Files</Filter>
    </ClCompile>
    <ClCompile Include="C:\Users\user\LAStools\LASlib\src\laswriter_bin.cpp">
      <Filter>Source Files</Filter>
    </ClCompile>
    <ClCompile Include="C:\Users\user\LAStools\LASlib\src\laswriter_qfit.cpp">
      <Filter>Source Files</Filter>
    </ClCompile>
    <ClCompile Include="C:\Users\user\LAStools\LASlib\src\laswriter_wrl.cpp">
      <Filter>Source Files</Filter>
    </ClCompile>
    <ClCompile Include="C:\Users\user\LAStools\LASlib\src\laswriter_txt.cpp">
      <Filter>Source Files</Filter>
    </ClCompile>
    <ClCompile Include="C:\Users\user\LAStools\LASlib\src\laswritercompatible.cpp">
      <Filter>Source Files</Filter>
    </ClCompile>
    <ClCompile Include="C:\Users\user\LAStools\LASlib\src\laswaveform13reader.cpp">
      <Filter>Source Files</Filter>
    </ClCompile>
    <ClCompile Include="C:\Users\user\LAStools\LASlib\src\laswaveform13writer.cpp">
      <Filter>Source Files</Filter>
    </ClCompile>
    <ClCompile Include="C:\Users\user\LAStools\LASlib\src\lasutility.cpp">
      <Filter>Source Files</Filter>
    </ClCompile>
    <ClCompile Include="C:\Users\user\LAStools\LASlib\src\lasfilter.cpp">
      <Filter>Source Files</Filter>
    </ClCompile>
    <ClCompile Include="C:\Users\user\LAStools\LASlib\src\lastransform.cpp">
      <Filter>Source Files</Filter>
    </ClCompile>
    <ClCompile Include="C:\Users\user\LAStools\LASlib\src\laskdtree.cpp">
      <Filter>Source Files</Filter>
    </ClCompile>
    <ClCompile Include="C:\Users\user\LAStools\LASlib\src\lascopc.cpp">
      <Filter>Source Files</Filter>
    </ClCompile>
    <ClCompile Include="C:\Users\user\LAStools\LASlib\src\fopen_compressed.cpp">
      <Filter>Source Files</Filter>
    </ClCompile>
    <ClCompile Include="C:\Users\user\LAStools\LASzip\src\lasreadpoint.cpp">
      <Filter>Source Files</Filter>
    </ClCompile>
    <ClCompile Include="C:\Users\user\LAStools\LASzip\src\lasreaditemcompressed_v1.cpp">
      <Filter>Source Files</Filter>
    </ClCompile>
    <ClCompile Include="C:\Users\user\LAStools\LASzip\src\lasreaditemcompressed_v2.cpp">
      <Filter>Source Files</Filter>
    </ClCompile>
    <ClCompile Include="C:\Users\user\LAStools\LASzip\src\lasreaditemcompressed_v3.cpp">
      <Filter>Source Files</Filter>
    </ClCompile>
    <ClCompile Include="C:\Users\user\LAStools\LASzip\src\lasreaditemcompressed_v4.cpp">
      <Filter>Source Files</Filter>
    </ClCompile>
    <ClCompile Include="C:\Users\user\LAStools\LASzip\src\laswritepoint.cpp">
      <Filter>Source Files</Filter>
    </ClCompile>
    <ClCompile Include="C:\Users\user\LAStools\LASzip\src\laswriteitemcompressed_v1.cpp">
      <Filter>Source Files</Filter>
    </ClCompile>
    <ClCompile Include="C:\Users\user\LAStools\LASzip\src\laswriteitemcompressed_v2.cpp">
      <Filter>Source Files</Filter>
    </ClCompile>
    <ClCompile Include="C:\Users\user\LAStools\LASzip\src\laswriteitemcompressed_v3.cpp">
      <Filter>Source Files</Filter>
    </ClCompile>
    <ClCompile Include="C:\Users\user\LAStools\LASzip\src\laswriteitemcompressed_v4.cpp">
      <Filter>Source Files</Filter>
    </ClCompile>
    <ClCompile Include="C:\Users\user\LAStools\LASzip\src\integercompressor.cpp">
      <Filter>Source Files</Filter>
    </ClCompile>
    <ClCompile Include="C:\Users\user\LAStools\LASzip\src\arithmeticdecoder.cpp">
      <Filter>Source Files</Filter>
    </ClCompile>
    <ClCompile Include="C:\Users\user\LAStools\LASzip\src\arithmeticencoder.cpp">
      <Filter>Source Files</Filter>
    </ClCompile>
    <ClCompile Include="C:\Users\user\LAStools\LASzip\src\arithmeticmodel.cpp">
      <Filter>Source Files</Filter>
    </ClCompile>
    <ClCompile Include="C:\Users\user\LAStools\LASzip\src\lasindex.cpp">
      <Filter>Source Files</Filter>
    </ClCompile>
    <ClCompile Include="C:\Users\user\LAStools\LASzip\src\lasquadtree.cpp">
      <Filter>Source Files</Filter>
    </ClCompile>
    <ClCompile Include="C:\Users\user\LAStools\LASzip\src\lasinterval.cpp">
      <Filter>Source Files</Filter>
    </ClCompile>
    <ClCompile Include="C:\Users\user\LAStools\LASzip\src\laszip.cpp">
      <Filter>Source Files</Filter>
    </ClCompile>
    <ClCompile Include="C:\Users\user\LAStools\LASzip\src\mydefs.cpp">
      <Filter>Source Files</Filter>
    </ClCompile>
    <ClCompile Include="C:\Users\user\LAStools\LASzip\src\lasmessage.cpp">
      <Filter>Source Files</Filter>
    </ClCompile>
  </ItemGroup>
  <ItemGroup>
    <Filter Include="Source Files">
      <UniqueIdentifier>{82A5EBC5-9A72-3D5D-9DCE-D699D54791AE}</UniqueIdentifier>
    </Filter>
  </ItemGroup>
</Project>
